// !$*UTF8*$!
{
	archiveVersion = 1;
	classes = {
	};
	objectVersion = 56;
	objects = {

/* Begin PBXBuildFile section */
		CEB45A802C42AE0000327314 /* MapCell.swift in Sources */ = {isa = PBXBuildFile; fileRef = CEB45A7F2C42AE0000327314 /* MapCell.swift */; };
		CEB45A822C42B31400327314 /* AdditionalInfoCell.swift in Sources */ = {isa = PBXBuildFile; fileRef = CEB45A812C42B31400327314 /* AdditionalInfoCell.swift */; };
		CEB45A852C42C62600327314 /* ThreeHourCollectionViewCell.swift in Sources */ = {isa = PBXBuildFile; fileRef = CEB45A842C42C62600327314 /* ThreeHourCollectionViewCell.swift */; };
		CED1E1A62C3E79A5004BFBE1 /* AppDelegate.swift in Sources */ = {isa = PBXBuildFile; fileRef = CED1E1A52C3E79A5004BFBE1 /* AppDelegate.swift */; };
		CED1E1A82C3E79A5004BFBE1 /* SceneDelegate.swift in Sources */ = {isa = PBXBuildFile; fileRef = CED1E1A72C3E79A5004BFBE1 /* SceneDelegate.swift */; };
		CED1E1AA2C3E79A5004BFBE1 /* ViewController.swift in Sources */ = {isa = PBXBuildFile; fileRef = CED1E1A92C3E79A5004BFBE1 /* ViewController.swift */; };
		CED1E1AF2C3E79A7004BFBE1 /* Assets.xcassets in Resources */ = {isa = PBXBuildFile; fileRef = CED1E1AE2C3E79A7004BFBE1 /* Assets.xcassets */; };
		CED1E1B22C3E79A7004BFBE1 /* Base in Resources */ = {isa = PBXBuildFile; fileRef = CED1E1B12C3E79A7004BFBE1 /* Base */; };
		CED1E1BB2C3E7F41004BFBE1 /* BaseView.swift in Sources */ = {isa = PBXBuildFile; fileRef = CED1E1BA2C3E7F41004BFBE1 /* BaseView.swift */; };
		CED1E1BD2C3E7FB4004BFBE1 /* BaseViewController.swift in Sources */ = {isa = PBXBuildFile; fileRef = CED1E1BC2C3E7FB4004BFBE1 /* BaseViewController.swift */; };
		CED1E1C62C3E86B6004BFBE1 /* Observable.swift in Sources */ = {isa = PBXBuildFile; fileRef = CED1E1C52C3E86B6004BFBE1 /* Observable.swift */; };
		CED1E1C92C3F46B9004BFBE1 /* CompositionalView.swift in Sources */ = {isa = PBXBuildFile; fileRef = CED1E1C82C3F46B9004BFBE1 /* CompositionalView.swift */; };
		CED1E1CB2C3F46CF004BFBE1 /* CompositionalViewController.swift in Sources */ = {isa = PBXBuildFile; fileRef = CED1E1CA2C3F46CF004BFBE1 /* CompositionalViewController.swift */; };
		CED1E1CE2C3F49C6004BFBE1 /* UIButton+Extension.swift in Sources */ = {isa = PBXBuildFile; fileRef = CED1E1CD2C3F49C6004BFBE1 /* UIButton+Extension.swift */; };
		CED1E1D12C3F4C59004BFBE1 /* SnapKit in Frameworks */ = {isa = PBXBuildFile; productRef = CED1E1D02C3F4C59004BFBE1 /* SnapKit */; };
		CED1E1DE2C3FC190004BFBE1 /* BaseTableViewCell.swift in Sources */ = {isa = PBXBuildFile; fileRef = CED1E1DD2C3FC190004BFBE1 /* BaseTableViewCell.swift */; };
		CED1E1E12C3FEC57004BFBE1 /* MainViewController.swift in Sources */ = {isa = PBXBuildFile; fileRef = CED1E1E02C3FEC57004BFBE1 /* MainViewController.swift */; };
		CED1E1E32C3FEC5B004BFBE1 /* MainView.swift in Sources */ = {isa = PBXBuildFile; fileRef = CED1E1E22C3FEC5B004BFBE1 /* MainView.swift */; };
		CED1E1E62C3FED29004BFBE1 /* Reusable.swift in Sources */ = {isa = PBXBuildFile; fileRef = CED1E1E52C3FED29004BFBE1 /* Reusable.swift */; };
		CED1E1E82C3FEE6D004BFBE1 /* CityInfoCell.swift in Sources */ = {isa = PBXBuildFile; fileRef = CED1E1E72C3FEE6D004BFBE1 /* CityInfoCell.swift */; };
		CED1E1EA2C3FF4E2004BFBE1 /* ThreeHourForecastCell.swift in Sources */ = {isa = PBXBuildFile; fileRef = CED1E1E92C3FF4E2004BFBE1 /* ThreeHourForecastCell.swift */; };
		CED1E1EC2C3FF54D004BFBE1 /* UICollectionView+Extension.swift in Sources */ = {isa = PBXBuildFile; fileRef = CED1E1EB2C3FF54D004BFBE1 /* UICollectionView+Extension.swift */; };
		CED1E1EF2C3FF66D004BFBE1 /* ScreenSize.swift in Sources */ = {isa = PBXBuildFile; fileRef = CED1E1EE2C3FF66D004BFBE1 /* ScreenSize.swift */; };
		CED1E1F12C3FFD9D004BFBE1 /* BaseCollectionViewCell.swift in Sources */ = {isa = PBXBuildFile; fileRef = CED1E1F02C3FFD9D004BFBE1 /* BaseCollectionViewCell.swift */; };
		CED1E1F32C4009EC004BFBE1 /* FiveDayForecastCell.swift in Sources */ = {isa = PBXBuildFile; fileRef = CED1E1F22C4009EC004BFBE1 /* FiveDayForecastCell.swift */; };
/* End PBXBuildFile section */

/* Begin PBXFileReference section */
		CEB45A7F2C42AE0000327314 /* MapCell.swift */ = {isa = PBXFileReference; lastKnownFileType = sourcecode.swift; path = MapCell.swift; sourceTree = "<group>"; };
		CEB45A812C42B31400327314 /* AdditionalInfoCell.swift */ = {isa = PBXFileReference; lastKnownFileType = sourcecode.swift; path = AdditionalInfoCell.swift; sourceTree = "<group>"; };
		CEB45A842C42C62600327314 /* ThreeHourCollectionViewCell.swift */ = {isa = PBXFileReference; lastKnownFileType = sourcecode.swift; path = ThreeHourCollectionViewCell.swift; sourceTree = "<group>"; };
		CED1E1A22C3E79A5004BFBE1 /* LZForecast.app */ = {isa = PBXFileReference; explicitFileType = wrapper.application; includeInIndex = 0; path = LZForecast.app; sourceTree = BUILT_PRODUCTS_DIR; };
		CED1E1A52C3E79A5004BFBE1 /* AppDelegate.swift */ = {isa = PBXFileReference; lastKnownFileType = sourcecode.swift; path = AppDelegate.swift; sourceTree = "<group>"; };
		CED1E1A72C3E79A5004BFBE1 /* SceneDelegate.swift */ = {isa = PBXFileReference; lastKnownFileType = sourcecode.swift; path = SceneDelegate.swift; sourceTree = "<group>"; };
		CED1E1A92C3E79A5004BFBE1 /* ViewController.swift */ = {isa = PBXFileReference; lastKnownFileType = sourcecode.swift; path = ViewController.swift; sourceTree = "<group>"; };
		CED1E1AE2C3E79A7004BFBE1 /* Assets.xcassets */ = {isa = PBXFileReference; lastKnownFileType = folder.assetcatalog; path = Assets.xcassets; sourceTree = "<group>"; };
		CED1E1B12C3E79A7004BFBE1 /* Base */ = {isa = PBXFileReference; lastKnownFileType = file.storyboard; name = Base; path = Base.lproj/LaunchScreen.storyboard; sourceTree = "<group>"; };
		CED1E1B32C3E79A7004BFBE1 /* Info.plist */ = {isa = PBXFileReference; lastKnownFileType = text.plist.xml; path = Info.plist; sourceTree = "<group>"; };
		CED1E1BA2C3E7F41004BFBE1 /* BaseView.swift */ = {isa = PBXFileReference; lastKnownFileType = sourcecode.swift; path = BaseView.swift; sourceTree = "<group>"; };
		CED1E1BC2C3E7FB4004BFBE1 /* BaseViewController.swift */ = {isa = PBXFileReference; lastKnownFileType = sourcecode.swift; path = BaseViewController.swift; sourceTree = "<group>"; };
		CED1E1C52C3E86B6004BFBE1 /* Observable.swift */ = {isa = PBXFileReference; lastKnownFileType = sourcecode.swift; path = Observable.swift; sourceTree = "<group>"; };
		CED1E1C82C3F46B9004BFBE1 /* CompositionalView.swift */ = {isa = PBXFileReference; lastKnownFileType = sourcecode.swift; path = CompositionalView.swift; sourceTree = "<group>"; };
		CED1E1CA2C3F46CF004BFBE1 /* CompositionalViewController.swift */ = {isa = PBXFileReference; lastKnownFileType = sourcecode.swift; path = CompositionalViewController.swift; sourceTree = "<group>"; };
		CED1E1CD2C3F49C6004BFBE1 /* UIButton+Extension.swift */ = {isa = PBXFileReference; lastKnownFileType = sourcecode.swift; path = "UIButton+Extension.swift"; sourceTree = "<group>"; };
		CED1E1DD2C3FC190004BFBE1 /* BaseTableViewCell.swift */ = {isa = PBXFileReference; lastKnownFileType = sourcecode.swift; path = BaseTableViewCell.swift; sourceTree = "<group>"; };
		CED1E1E02C3FEC57004BFBE1 /* MainViewController.swift */ = {isa = PBXFileReference; lastKnownFileType = sourcecode.swift; path = MainViewController.swift; sourceTree = "<group>"; };
		CED1E1E22C3FEC5B004BFBE1 /* MainView.swift */ = {isa = PBXFileReference; lastKnownFileType = sourcecode.swift; path = MainView.swift; sourceTree = "<group>"; };
		CED1E1E52C3FED29004BFBE1 /* Reusable.swift */ = {isa = PBXFileReference; lastKnownFileType = sourcecode.swift; path = Reusable.swift; sourceTree = "<group>"; };
		CED1E1E72C3FEE6D004BFBE1 /* CityInfoCell.swift */ = {isa = PBXFileReference; lastKnownFileType = sourcecode.swift; path = CityInfoCell.swift; sourceTree = "<group>"; };
		CED1E1E92C3FF4E2004BFBE1 /* ThreeHourForecastCell.swift */ = {isa = PBXFileReference; lastKnownFileType = sourcecode.swift; path = ThreeHourForecastCell.swift; sourceTree = "<group>"; };
		CED1E1EB2C3FF54D004BFBE1 /* UICollectionView+Extension.swift */ = {isa = PBXFileReference; lastKnownFileType = sourcecode.swift; path = "UICollectionView+Extension.swift"; sourceTree = "<group>"; };
		CED1E1EE2C3FF66D004BFBE1 /* ScreenSize.swift */ = {isa = PBXFileReference; lastKnownFileType = sourcecode.swift; path = ScreenSize.swift; sourceTree = "<group>"; };
		CED1E1F02C3FFD9D004BFBE1 /* BaseCollectionViewCell.swift */ = {isa = PBXFileReference; lastKnownFileType = sourcecode.swift; path = BaseCollectionViewCell.swift; sourceTree = "<group>"; };
		CED1E1F22C4009EC004BFBE1 /* FiveDayForecastCell.swift */ = {isa = PBXFileReference; lastKnownFileType = sourcecode.swift; path = FiveDayForecastCell.swift; sourceTree = "<group>"; };
/* End PBXFileReference section */

/* Begin PBXFrameworksBuildPhase section */
		CED1E19F2C3E79A5004BFBE1 /* Frameworks */ = {
			isa = PBXFrameworksBuildPhase;
			buildActionMask = 2147483647;
			files = (
				CED1E1D12C3F4C59004BFBE1 /* SnapKit in Frameworks */,
			);
			runOnlyForDeploymentPostprocessing = 0;
		};
/* End PBXFrameworksBuildPhase section */

/* Begin PBXGroup section */
		CEB45A832C42C61000327314 /* Cell */ = {
			isa = PBXGroup;
			children = (
				CEB45A842C42C62600327314 /* ThreeHourCollectionViewCell.swift */,
			);
			path = Cell;
			sourceTree = "<group>";
		};
		CED1E1992C3E79A5004BFBE1 = {
			isa = PBXGroup;
			children = (
				CED1E1A42C3E79A5004BFBE1 /* LZForecast */,
				CED1E1A32C3E79A5004BFBE1 /* Products */,
			);
			sourceTree = "<group>";
		};
		CED1E1A32C3E79A5004BFBE1 /* Products */ = {
			isa = PBXGroup;
			children = (
				CED1E1A22C3E79A5004BFBE1 /* LZForecast.app */,
			);
			name = Products;
			sourceTree = "<group>";
		};
		CED1E1A42C3E79A5004BFBE1 /* LZForecast */ = {
			isa = PBXGroup;
			children = (
				CED1E1BE2C3E853A004BFBE1 /* App */,
				CED1E1B92C3E7F38004BFBE1 /* Bases */,
				CED1E1C22C3E85AD004BFBE1 /* Resources */,
				CED1E1C32C3E85F8004BFBE1 /* Utils */,
				CED1E1C12C3E8556004BFBE1 /* Views */,
				CED1E1B32C3E79A7004BFBE1 /* Info.plist */,
			);
			path = LZForecast;
			sourceTree = "<group>";
		};
		CED1E1B92C3E7F38004BFBE1 /* Bases */ = {
			isa = PBXGroup;
			children = (
				CED1E1BA2C3E7F41004BFBE1 /* BaseView.swift */,
				CED1E1BC2C3E7FB4004BFBE1 /* BaseViewController.swift */,
				CED1E1DD2C3FC190004BFBE1 /* BaseTableViewCell.swift */,
				CED1E1F02C3FFD9D004BFBE1 /* BaseCollectionViewCell.swift */,
			);
			path = Bases;
			sourceTree = "<group>";
		};
		CED1E1BE2C3E853A004BFBE1 /* App */ = {
			isa = PBXGroup;
			children = (
				CED1E1A72C3E79A5004BFBE1 /* SceneDelegate.swift */,
				CED1E1A52C3E79A5004BFBE1 /* AppDelegate.swift */,
				CED1E1B02C3E79A7004BFBE1 /* LaunchScreen.storyboard */,
			);
			path = App;
			sourceTree = "<group>";
		};
		CED1E1C12C3E8556004BFBE1 /* Views */ = {
			isa = PBXGroup;
			children = (
				CED1E1DF2C3FEC44004BFBE1 /* Compositional(Test) */,
				CED1E1C72C3F46B3004BFBE1 /* Main */,
				CED1E1A92C3E79A5004BFBE1 /* ViewController.swift */,
			);
			path = Views;
			sourceTree = "<group>";
		};
		CED1E1C22C3E85AD004BFBE1 /* Resources */ = {
			isa = PBXGroup;
			children = (
				CED1E1AE2C3E79A7004BFBE1 /* Assets.xcassets */,
			);
			path = Resources;
			sourceTree = "<group>";
		};
		CED1E1C32C3E85F8004BFBE1 /* Utils */ = {
			isa = PBXGroup;
			children = (
				CED1E1ED2C3FF664004BFBE1 /* Constants */,
				CED1E1CC2C3F49BC004BFBE1 /* Extensions */,
				CED1E1E42C3FED1E004BFBE1 /* Protocol */,
				CED1E1C42C3E86AF004BFBE1 /* Observable */,
			);
			path = Utils;
			sourceTree = "<group>";
		};
		CED1E1C42C3E86AF004BFBE1 /* Observable */ = {
			isa = PBXGroup;
			children = (
				CED1E1C52C3E86B6004BFBE1 /* Observable.swift */,
			);
			path = Observable;
			sourceTree = "<group>";
		};
		CED1E1C72C3F46B3004BFBE1 /* Main */ = {
			isa = PBXGroup;
			children = (
				CEB45A832C42C61000327314 /* Cell */,
				CED1E1E02C3FEC57004BFBE1 /* MainViewController.swift */,
				CED1E1E22C3FEC5B004BFBE1 /* MainView.swift */,
				CED1E1E72C3FEE6D004BFBE1 /* CityInfoCell.swift */,
				CED1E1E92C3FF4E2004BFBE1 /* ThreeHourForecastCell.swift */,
				CED1E1F22C4009EC004BFBE1 /* FiveDayForecastCell.swift */,
				CEB45A7F2C42AE0000327314 /* MapCell.swift */,
				CEB45A812C42B31400327314 /* AdditionalInfoCell.swift */,
			);
			path = Main;
			sourceTree = "<group>";
		};
		CED1E1CC2C3F49BC004BFBE1 /* Extensions */ = {
			isa = PBXGroup;
			children = (
				CED1E1CD2C3F49C6004BFBE1 /* UIButton+Extension.swift */,
				CED1E1EB2C3FF54D004BFBE1 /* UICollectionView+Extension.swift */,
			);
			path = Extensions;
			sourceTree = "<group>";
		};
		CED1E1DF2C3FEC44004BFBE1 /* Compositional(Test) */ = {
			isa = PBXGroup;
			children = (
				CED1E1C82C3F46B9004BFBE1 /* CompositionalView.swift */,
				CED1E1CA2C3F46CF004BFBE1 /* CompositionalViewController.swift */,
			);
			path = "Compositional(Test)";
			sourceTree = "<group>";
		};
		CED1E1E42C3FED1E004BFBE1 /* Protocol */ = {
			isa = PBXGroup;
			children = (
				CED1E1E52C3FED29004BFBE1 /* Reusable.swift */,
			);
			path = Protocol;
			sourceTree = "<group>";
		};
		CED1E1ED2C3FF664004BFBE1 /* Constants */ = {
			isa = PBXGroup;
			children = (
				CED1E1EE2C3FF66D004BFBE1 /* ScreenSize.swift */,
			);
			path = Constants;
			sourceTree = "<group>";
		};
/* End PBXGroup section */

/* Begin PBXNativeTarget section */
		CED1E1A12C3E79A5004BFBE1 /* LZForecast */ = {
			isa = PBXNativeTarget;
			buildConfigurationList = CED1E1B62C3E79A7004BFBE1 /* Build configuration list for PBXNativeTarget "LZForecast" */;
			buildPhases = (
				CED1E19E2C3E79A5004BFBE1 /* Sources */,
				CED1E19F2C3E79A5004BFBE1 /* Frameworks */,
				CED1E1A02C3E79A5004BFBE1 /* Resources */,
			);
			buildRules = (
			);
			dependencies = (
			);
			name = LZForecast;
			packageProductDependencies = (
				CED1E1D02C3F4C59004BFBE1 /* SnapKit */,
			);
			productName = LZForecast;
			productReference = CED1E1A22C3E79A5004BFBE1 /* LZForecast.app */;
			productType = "com.apple.product-type.application";
		};
/* End PBXNativeTarget section */

/* Begin PBXProject section */
		CED1E19A2C3E79A5004BFBE1 /* Project object */ = {
			isa = PBXProject;
			attributes = {
				BuildIndependentTargetsInParallel = 1;
				LastSwiftUpdateCheck = 1530;
				LastUpgradeCheck = 1530;
				TargetAttributes = {
					CED1E1A12C3E79A5004BFBE1 = {
						CreatedOnToolsVersion = 15.3;
					};
				};
			};
			buildConfigurationList = CED1E19D2C3E79A5004BFBE1 /* Build configuration list for PBXProject "LZForecast" */;
			compatibilityVersion = "Xcode 14.0";
			developmentRegion = en;
			hasScannedForEncodings = 0;
			knownRegions = (
				en,
				Base,
			);
			mainGroup = CED1E1992C3E79A5004BFBE1;
			packageReferences = (
				CED1E1CF2C3F4C59004BFBE1 /* XCRemoteSwiftPackageReference "SnapKit" */,
			);
			productRefGroup = CED1E1A32C3E79A5004BFBE1 /* Products */;
			projectDirPath = "";
			projectRoot = "";
			targets = (
				CED1E1A12C3E79A5004BFBE1 /* LZForecast */,
			);
		};
/* End PBXProject section */

/* Begin PBXResourcesBuildPhase section */
		CED1E1A02C3E79A5004BFBE1 /* Resources */ = {
			isa = PBXResourcesBuildPhase;
			buildActionMask = 2147483647;
			files = (
				CED1E1AF2C3E79A7004BFBE1 /* Assets.xcassets in Resources */,
				CED1E1B22C3E79A7004BFBE1 /* Base in Resources */,
			);
			runOnlyForDeploymentPostprocessing = 0;
		};
/* End PBXResourcesBuildPhase section */

/* Begin PBXSourcesBuildPhase section */
		CED1E19E2C3E79A5004BFBE1 /* Sources */ = {
			isa = PBXSourcesBuildPhase;
			buildActionMask = 2147483647;
			files = (
				CED1E1F32C4009EC004BFBE1 /* FiveDayForecastCell.swift in Sources */,
				CED1E1EC2C3FF54D004BFBE1 /* UICollectionView+Extension.swift in Sources */,
				CED1E1BD2C3E7FB4004BFBE1 /* BaseViewController.swift in Sources */,
				CED1E1E32C3FEC5B004BFBE1 /* MainView.swift in Sources */,
				CED1E1E82C3FEE6D004BFBE1 /* CityInfoCell.swift in Sources */,
				CEB45A802C42AE0000327314 /* MapCell.swift in Sources */,
				CED1E1E12C3FEC57004BFBE1 /* MainViewController.swift in Sources */,
				CED1E1EA2C3FF4E2004BFBE1 /* ThreeHourForecastCell.swift in Sources */,
				CED1E1AA2C3E79A5004BFBE1 /* ViewController.swift in Sources */,
				CEB45A852C42C62600327314 /* ThreeHourCollectionViewCell.swift in Sources */,
				CED1E1C92C3F46B9004BFBE1 /* CompositionalView.swift in Sources */,
				CED1E1EF2C3FF66D004BFBE1 /* ScreenSize.swift in Sources */,
				CED1E1A62C3E79A5004BFBE1 /* AppDelegate.swift in Sources */,
				CED1E1E62C3FED29004BFBE1 /* Reusable.swift in Sources */,
				CED1E1F12C3FFD9D004BFBE1 /* BaseCollectionViewCell.swift in Sources */,
				CED1E1A82C3E79A5004BFBE1 /* SceneDelegate.swift in Sources */,
				CEB45A822C42B31400327314 /* AdditionalInfoCell.swift in Sources */,
				CED1E1CE2C3F49C6004BFBE1 /* UIButton+Extension.swift in Sources */,
				CED1E1C62C3E86B6004BFBE1 /* Observable.swift in Sources */,
				CED1E1BB2C3E7F41004BFBE1 /* BaseView.swift in Sources */,
				CED1E1DE2C3FC190004BFBE1 /* BaseTableViewCell.swift in Sources */,
				CED1E1CB2C3F46CF004BFBE1 /* CompositionalViewController.swift in Sources */,
			);
			runOnlyForDeploymentPostprocessing = 0;
		};
/* End PBXSourcesBuildPhase section */

/* Begin PBXVariantGroup section */
		CED1E1B02C3E79A7004BFBE1 /* LaunchScreen.storyboard */ = {
			isa = PBXVariantGroup;
			children = (
				CED1E1B12C3E79A7004BFBE1 /* Base */,
			);
			name = LaunchScreen.storyboard;
			sourceTree = "<group>";
		};
/* End PBXVariantGroup section */

/* Begin XCBuildConfiguration section */
		CED1E1B42C3E79A7004BFBE1 /* Debug */ = {
			isa = XCBuildConfiguration;
			buildSettings = {
				ALWAYS_SEARCH_USER_PATHS = NO;
				ASSETCATALOG_COMPILER_GENERATE_SWIFT_ASSET_SYMBOL_EXTENSIONS = YES;
				CLANG_ANALYZER_NONNULL = YES;
				CLANG_ANALYZER_NUMBER_OBJECT_CONVERSION = YES_AGGRESSIVE;
				CLANG_CXX_LANGUAGE_STANDARD = "gnu++20";
				CLANG_ENABLE_MODULES = YES;
				CLANG_ENABLE_OBJC_ARC = YES;
				CLANG_ENABLE_OBJC_WEAK = YES;
				CLANG_WARN_BLOCK_CAPTURE_AUTORELEASING = YES;
				CLANG_WARN_BOOL_CONVERSION = YES;
				CLANG_WARN_COMMA = YES;
				CLANG_WARN_CONSTANT_CONVERSION = YES;
				CLANG_WARN_DEPRECATED_OBJC_IMPLEMENTATIONS = YES;
				CLANG_WARN_DIRECT_OBJC_ISA_USAGE = YES_ERROR;
				CLANG_WARN_DOCUMENTATION_COMMENTS = YES;
				CLANG_WARN_EMPTY_BODY = YES;
				CLANG_WARN_ENUM_CONVERSION = YES;
				CLANG_WARN_INFINITE_RECURSION = YES;
				CLANG_WARN_INT_CONVERSION = YES;
				CLANG_WARN_NON_LITERAL_NULL_CONVERSION = YES;
				CLANG_WARN_OBJC_IMPLICIT_RETAIN_SELF = YES;
				CLANG_WARN_OBJC_LITERAL_CONVERSION = YES;
				CLANG_WARN_OBJC_ROOT_CLASS = YES_ERROR;
				CLANG_WARN_QUOTED_INCLUDE_IN_FRAMEWORK_HEADER = YES;
				CLANG_WARN_RANGE_LOOP_ANALYSIS = YES;
				CLANG_WARN_STRICT_PROTOTYPES = YES;
				CLANG_WARN_SUSPICIOUS_MOVE = YES;
				CLANG_WARN_UNGUARDED_AVAILABILITY = YES_AGGRESSIVE;
				CLANG_WARN_UNREACHABLE_CODE = YES;
				CLANG_WARN__DUPLICATE_METHOD_MATCH = YES;
				COPY_PHASE_STRIP = NO;
				DEBUG_INFORMATION_FORMAT = dwarf;
				ENABLE_STRICT_OBJC_MSGSEND = YES;
				ENABLE_TESTABILITY = YES;
				ENABLE_USER_SCRIPT_SANDBOXING = YES;
				GCC_C_LANGUAGE_STANDARD = gnu17;
				GCC_DYNAMIC_NO_PIC = NO;
				GCC_NO_COMMON_BLOCKS = YES;
				GCC_OPTIMIZATION_LEVEL = 0;
				GCC_PREPROCESSOR_DEFINITIONS = (
					"DEBUG=1",
					"$(inherited)",
				);
				GCC_WARN_64_TO_32_BIT_CONVERSION = YES;
				GCC_WARN_ABOUT_RETURN_TYPE = YES_ERROR;
				GCC_WARN_UNDECLARED_SELECTOR = YES;
				GCC_WARN_UNINITIALIZED_AUTOS = YES_AGGRESSIVE;
				GCC_WARN_UNUSED_FUNCTION = YES;
				GCC_WARN_UNUSED_VARIABLE = YES;
				IPHONEOS_DEPLOYMENT_TARGET = 17.4;
				LOCALIZATION_PREFERS_STRING_CATALOGS = YES;
				MTL_ENABLE_DEBUG_INFO = INCLUDE_SOURCE;
				MTL_FAST_MATH = YES;
				ONLY_ACTIVE_ARCH = YES;
				SDKROOT = iphoneos;
				SWIFT_ACTIVE_COMPILATION_CONDITIONS = "DEBUG $(inherited)";
				SWIFT_OPTIMIZATION_LEVEL = "-Onone";
			};
			name = Debug;
		};
		CED1E1B52C3E79A7004BFBE1 /* Release */ = {
			isa = XCBuildConfiguration;
			buildSettings = {
				ALWAYS_SEARCH_USER_PATHS = NO;
				ASSETCATALOG_COMPILER_GENERATE_SWIFT_ASSET_SYMBOL_EXTENSIONS = YES;
				CLANG_ANALYZER_NONNULL = YES;
				CLANG_ANALYZER_NUMBER_OBJECT_CONVERSION = YES_AGGRESSIVE;
				CLANG_CXX_LANGUAGE_STANDARD = "gnu++20";
				CLANG_ENABLE_MODULES = YES;
				CLANG_ENABLE_OBJC_ARC = YES;
				CLANG_ENABLE_OBJC_WEAK = YES;
				CLANG_WARN_BLOCK_CAPTURE_AUTORELEASING = YES;
				CLANG_WARN_BOOL_CONVERSION = YES;
				CLANG_WARN_COMMA = YES;
				CLANG_WARN_CONSTANT_CONVERSION = YES;
				CLANG_WARN_DEPRECATED_OBJC_IMPLEMENTATIONS = YES;
				CLANG_WARN_DIRECT_OBJC_ISA_USAGE = YES_ERROR;
				CLANG_WARN_DOCUMENTATION_COMMENTS = YES;
				CLANG_WARN_EMPTY_BODY = YES;
				CLANG_WARN_ENUM_CONVERSION = YES;
				CLANG_WARN_INFINITE_RECURSION = YES;
				CLANG_WARN_INT_CONVERSION = YES;
				CLANG_WARN_NON_LITERAL_NULL_CONVERSION = YES;
				CLANG_WARN_OBJC_IMPLICIT_RETAIN_SELF = YES;
				CLANG_WARN_OBJC_LITERAL_CONVERSION = YES;
				CLANG_WARN_OBJC_ROOT_CLASS = YES_ERROR;
				CLANG_WARN_QUOTED_INCLUDE_IN_FRAMEWORK_HEADER = YES;
				CLANG_WARN_RANGE_LOOP_ANALYSIS = YES;
				CLANG_WARN_STRICT_PROTOTYPES = YES;
				CLANG_WARN_SUSPICIOUS_MOVE = YES;
				CLANG_WARN_UNGUARDED_AVAILABILITY = YES_AGGRESSIVE;
				CLANG_WARN_UNREACHABLE_CODE = YES;
				CLANG_WARN__DUPLICATE_METHOD_MATCH = YES;
				COPY_PHASE_STRIP = NO;
				DEBUG_INFORMATION_FORMAT = "dwarf-with-dsym";
				ENABLE_NS_ASSERTIONS = NO;
				ENABLE_STRICT_OBJC_MSGSEND = YES;
				ENABLE_USER_SCRIPT_SANDBOXING = YES;
				GCC_C_LANGUAGE_STANDARD = gnu17;
				GCC_NO_COMMON_BLOCKS = YES;
				GCC_WARN_64_TO_32_BIT_CONVERSION = YES;
				GCC_WARN_ABOUT_RETURN_TYPE = YES_ERROR;
				GCC_WARN_UNDECLARED_SELECTOR = YES;
				GCC_WARN_UNINITIALIZED_AUTOS = YES_AGGRESSIVE;
				GCC_WARN_UNUSED_FUNCTION = YES;
				GCC_WARN_UNUSED_VARIABLE = YES;
				IPHONEOS_DEPLOYMENT_TARGET = 17.4;
				LOCALIZATION_PREFERS_STRING_CATALOGS = YES;
				MTL_ENABLE_DEBUG_INFO = NO;
				MTL_FAST_MATH = YES;
				SDKROOT = iphoneos;
				SWIFT_COMPILATION_MODE = wholemodule;
				VALIDATE_PRODUCT = YES;
			};
			name = Release;
		};
		CED1E1B72C3E79A7004BFBE1 /* Debug */ = {
			isa = XCBuildConfiguration;
			buildSettings = {
				ASSETCATALOG_COMPILER_APPICON_NAME = AppIcon;
				ASSETCATALOG_COMPILER_GLOBAL_ACCENT_COLOR_NAME = AccentColor;
				CODE_SIGN_STYLE = Automatic;
				CURRENT_PROJECT_VERSION = 1;
				DEVELOPMENT_TEAM = CZH2CMCGCZ;
				GENERATE_INFOPLIST_FILE = YES;
				INFOPLIST_FILE = LZForecast/Info.plist;
				INFOPLIST_KEY_CFBundleDisplayName = LZForecast;
				INFOPLIST_KEY_UIApplicationSupportsIndirectInputEvents = YES;
				INFOPLIST_KEY_UILaunchStoryboardName = LaunchScreen;
				INFOPLIST_KEY_UISupportedInterfaceOrientations = UIInterfaceOrientationPortrait;
				IPHONEOS_DEPLOYMENT_TARGET = 17.0;
				LD_RUNPATH_SEARCH_PATHS = (
					"$(inherited)",
					"@executable_path/Frameworks",
				);
				MARKETING_VERSION = 1.0;
				PRODUCT_BUNDLE_IDENTIFIER = com.Lets.LZForecast;
				PRODUCT_NAME = "$(TARGET_NAME)";
				SUPPORTED_PLATFORMS = "iphoneos iphonesimulator";
				SUPPORTS_MACCATALYST = NO;
				SUPPORTS_MAC_DESIGNED_FOR_IPHONE_IPAD = NO;
				SUPPORTS_XR_DESIGNED_FOR_IPHONE_IPAD = NO;
				SWIFT_EMIT_LOC_STRINGS = YES;
				SWIFT_VERSION = 5.0;
				TARGETED_DEVICE_FAMILY = 1;
			};
			name = Debug;
		};
		CED1E1B82C3E79A7004BFBE1 /* Release */ = {
			isa = XCBuildConfiguration;
			buildSettings = {
				ASSETCATALOG_COMPILER_APPICON_NAME = AppIcon;
				ASSETCATALOG_COMPILER_GLOBAL_ACCENT_COLOR_NAME = AccentColor;
				CODE_SIGN_STYLE = Automatic;
				CURRENT_PROJECT_VERSION = 1;
				DEVELOPMENT_TEAM = CZH2CMCGCZ;
				GENERATE_INFOPLIST_FILE = YES;
				INFOPLIST_FILE = LZForecast/Info.plist;
				INFOPLIST_KEY_CFBundleDisplayName = LZForecast;
				INFOPLIST_KEY_UIApplicationSupportsIndirectInputEvents = YES;
				INFOPLIST_KEY_UILaunchStoryboardName = LaunchScreen;
				INFOPLIST_KEY_UISupportedInterfaceOrientations = UIInterfaceOrientationPortrait;
				IPHONEOS_DEPLOYMENT_TARGET = 17.0;
				LD_RUNPATH_SEARCH_PATHS = (
					"$(inherited)",
					"@executable_path/Frameworks",
				);
				MARKETING_VERSION = 1.0;
				PRODUCT_BUNDLE_IDENTIFIER = com.Lets.LZForecast;
				PRODUCT_NAME = "$(TARGET_NAME)";
				SUPPORTED_PLATFORMS = "iphoneos iphonesimulator";
				SUPPORTS_MACCATALYST = NO;
				SUPPORTS_MAC_DESIGNED_FOR_IPHONE_IPAD = NO;
				SUPPORTS_XR_DESIGNED_FOR_IPHONE_IPAD = NO;
				SWIFT_EMIT_LOC_STRINGS = YES;
				SWIFT_VERSION = 5.0;
				TARGETED_DEVICE_FAMILY = 1;
			};
			name = Release;
		};
/* End XCBuildConfiguration section */

/* Begin XCConfigurationList section */
		CED1E19D2C3E79A5004BFBE1 /* Build configuration list for PBXProject "LZForecast" */ = {
			isa = XCConfigurationList;
			buildConfigurations = (
				CED1E1B42C3E79A7004BFBE1 /* Debug */,
				CED1E1B52C3E79A7004BFBE1 /* Release */,
			);
			defaultConfigurationIsVisible = 0;
			defaultConfigurationName = Release;
		};
		CED1E1B62C3E79A7004BFBE1 /* Build configuration list for PBXNativeTarget "LZForecast" */ = {
			isa = XCConfigurationList;
			buildConfigurations = (
				CED1E1B72C3E79A7004BFBE1 /* Debug */,
				CED1E1B82C3E79A7004BFBE1 /* Release */,
			);
			defaultConfigurationIsVisible = 0;
			defaultConfigurationName = Release;
		};
/* End XCConfigurationList section */

/* Begin XCRemoteSwiftPackageReference section */
		CED1E1CF2C3F4C59004BFBE1 /* XCRemoteSwiftPackageReference "SnapKit" */ = {
			isa = XCRemoteSwiftPackageReference;
			repositoryURL = "https://github.com/SnapKit/SnapKit.git";
			requirement = {
				kind = upToNextMajorVersion;
				minimumVersion = 5.7.1;
			};
		};
/* End XCRemoteSwiftPackageReference section */

/* Begin XCSwiftPackageProductDependency section */
		CED1E1D02C3F4C59004BFBE1 /* SnapKit */ = {
			isa = XCSwiftPackageProductDependency;
			package = CED1E1CF2C3F4C59004BFBE1 /* XCRemoteSwiftPackageReference "SnapKit" */;
			productName = SnapKit;
		};
/* End XCSwiftPackageProductDependency section */
	};
	rootObject = CED1E19A2C3E79A5004BFBE1 /* Project object */;
}
